
Microsoft Visual Studio Solution File, Format Version 12.00
# Visual Studio Version 17
VisualStudioVersion = 17.13.35931.197
MinimumVisualStudioVersion = 10.0.40219.1
Project("{FAE04EC0-301F-11D3-BF4B-00C04F79EFBC}") = "Sdk", "Sdk\Sdk.csproj", "{49EC93AA-B8C7-4C2F-8E38-D9A7F01383CA}"
EndProject
Project("{FAE04EC0-301F-11D3-BF4B-00C04F79EFBC}") = "Sdk.App", "Sdk.App\Sdk.App.csproj", "{D0BA1D34-ED6C-AEC5-4ABA-D13185D9E53E}"
EndProject
Project("{FAE04EC0-301F-11D3-BF4B-00C04F79EFBC}") = "Sdk.ConsoleApp", "Sdk.ConsoleApp\Sdk.ConsoleApp.csproj", "{E33FCF20-FACE-A5BF-E0B7-399C6465B204}"
EndProject
Project("{FAE04EC0-301F-11D3-BF4B-00C04F79EFBC}") = "Sdk.Analyzers", "Sdk.Analyzers\Sdk.Analyzers.csproj", "{E7C6FABE-42DE-4DB6-8CDA-5527789D0538}"
EndProject
Project("{FAE04EC0-301F-11D3-BF4B-00C04F79EFBC}") = "Sdk.Windows", "Sdk.Windows\Sdk.Windows.csproj", "{617A9F53-CA5C-4683-9D8C-D5F3686D5998}"
EndProject
Project("{FAE04EC0-301F-11D3-BF4B-00C04F79EFBC}") = "Sdk.Linux", "Sdk.Linux\Sdk.Linux.csproj", "{86D28130-8E29-4761-A630-D64814A785BF}"
EndProject
Project("{FAE04EC0-301F-11D3-BF4B-00C04F79EFBC}") = "Sdk.macOS", "Sdk.macOS\Sdk.macOS.csproj", "{54880602-9E2B-4D1C-8A3C-FEA06567EFF1}"
EndProject
Project("{FAE04EC0-301F-11D3-BF4B-00C04F79EFBC}") = "Sdk.iOS", "Sdk.iOS\Sdk.iOS.csproj", "{9F281E2D-A664-435C-85B9-070D4C68D390}"
EndProject
Project("{FAE04EC0-301F-11D3-BF4B-00C04F79EFBC}") = "Sdk.Android", "Sdk.Android\Sdk.Android.csproj", "{7EBC1671-F44B-4C06-8DE8-67128B7EEF34}"
EndProject
Global
	GlobalSection(SolutionConfigurationPlatforms) = preSolution
		Debug|Any CPU = Debug|Any CPU
		Debug|x64 = Debug|x64
		Debug|x86 = Debug|x86
		Release|Any CPU = Release|Any CPU
		Release|x64 = Release|x64
		Release|x86 = Release|x86
	EndGlobalSection
	GlobalSection(ProjectConfigurationPlatforms) = postSolution
		{49EC93AA-B8C7-4C2F-8E38-D9A7F01383CA}.Debug|Any CPU.ActiveCfg = Debug|Any CPU
		{49EC93AA-B8C7-4C2F-8E38-D9A7F01383CA}.Debug|Any CPU.Build.0 = Debug|Any CPU
		{49EC93AA-B8C7-4C2F-8E38-D9A7F01383CA}.Debug|x64.ActiveCfg = Debug|Any CPU
		{49EC93AA-B8C7-4C2F-8E38-D9A7F01383CA}.Debug|x64.Build.0 = Debug|Any CPU
		{49EC93AA-B8C7-4C2F-8E38-D9A7F01383CA}.Debug|x86.ActiveCfg = Debug|Any CPU
		{49EC93AA-B8C7-4C2F-8E38-D9A7F01383CA}.Debug|x86.Build.0 = Debug|Any CPU
		{49EC93AA-B8C7-4C2F-8E38-D9A7F01383CA}.Release|Any CPU.ActiveCfg = Release|Any CPU
		{49EC93AA-B8C7-4C2F-8E38-D9A7F01383CA}.Release|Any CPU.Build.0 = Release|Any CPU
		{49EC93AA-B8C7-4C2F-8E38-D9A7F01383CA}.Release|x64.ActiveCfg = Release|Any CPU
		{49EC93AA-B8C7-4C2F-8E38-D9A7F01383CA}.Release|x64.Build.0 = Release|Any CPU
		{49EC93AA-B8C7-4C2F-8E38-D9A7F01383CA}.Release|x86.ActiveCfg = Release|Any CPU
		{49EC93AA-B8C7-4C2F-8E38-D9A7F01383CA}.Release|x86.Build.0 = Release|Any CPU
		{D0BA1D34-ED6C-AEC5-4ABA-D13185D9E53E}.Debug|Any CPU.ActiveCfg = Debug|Any CPU
		{D0BA1D34-ED6C-AEC5-4ABA-D13185D9E53E}.Debug|Any CPU.Build.0 = Debug|Any CPU
		{D0BA1D34-ED6C-AEC5-4ABA-D13185D9E53E}.Debug|x64.ActiveCfg = Debug|Any CPU
		{D0BA1D34-ED6C-AEC5-4ABA-D13185D9E53E}.Debug|x64.Build.0 = Debug|Any CPU
		{D0BA1D34-ED6C-AEC5-4ABA-D13185D9E53E}.Debug|x86.ActiveCfg = Debug|Any CPU
		{D0BA1D34-ED6C-AEC5-4ABA-D13185D9E53E}.Debug|x86.Build.0 = Debug|Any CPU
		{D0BA1D34-ED6C-AEC5-4ABA-D13185D9E53E}.Release|Any CPU.ActiveCfg = Release|Any CPU
		{D0BA1D34-ED6C-AEC5-4ABA-D13185D9E53E}.Release|Any CPU.Build.0 = Release|Any CPU
		{D0BA1D34-ED6C-AEC5-4ABA-D13185D9E53E}.Release|x64.ActiveCfg = Release|Any CPU
		{D0BA1D34-ED6C-AEC5-4ABA-D13185D9E53E}.Release|x64.Build.0 = Release|Any CPU
		{D0BA1D34-ED6C-AEC5-4ABA-D13185D9E53E}.Release|x86.ActiveCfg = Release|Any CPU
		{D0BA1D34-ED6C-AEC5-4ABA-D13185D9E53E}.Release|x86.Build.0 = Release|Any CPU
		{E33FCF20-FACE-A5BF-E0B7-399C6465B204}.Debug|Any CPU.ActiveCfg = Debug|Any CPU
		{E33FCF20-FACE-A5BF-E0B7-399C6465B204}.Debug|Any CPU.Build.0 = Debug|Any CPU
		{E33FCF20-FACE-A5BF-E0B7-399C6465B204}.Debug|x64.ActiveCfg = Debug|Any CPU
		{E33FCF20-FACE-A5BF-E0B7-399C6465B204}.Debug|x64.Build.0 = Debug|Any CPU
		{E33FCF20-FACE-A5BF-E0B7-399C6465B204}.Debug|x86.ActiveCfg = Debug|Any CPU
		{E33FCF20-FACE-A5BF-E0B7-399C6465B204}.Debug|x86.Build.0 = Debug|Any CPU
		{E33FCF20-FACE-A5BF-E0B7-399C6465B204}.Release|Any CPU.ActiveCfg = Release|Any CPU
		{E33FCF20-FACE-A5BF-E0B7-399C6465B204}.Release|Any CPU.Build.0 = Release|Any CPU
		{E33FCF20-FACE-A5BF-E0B7-399C6465B204}.Release|x64.ActiveCfg = Release|Any CPU
		{E33FCF20-FACE-A5BF-E0B7-399C6465B204}.Release|x64.Build.0 = Release|Any CPU
		{E33FCF20-FACE-A5BF-E0B7-399C6465B204}.Release|x86.ActiveCfg = Release|Any CPU
		{E33FCF20-FACE-A5BF-E0B7-399C6465B204}.Release|x86.Build.0 = Release|Any CPU
		{E7C6FABE-42DE-4DB6-8CDA-5527789D0538}.Debug|Any CPU.ActiveCfg = Debug|Any CPU
		{E7C6FABE-42DE-4DB6-8CDA-5527789D0538}.Debug|Any CPU.Build.0 = Debug|Any CPU
		{E7C6FABE-42DE-4DB6-8CDA-5527789D0538}.Debug|x64.ActiveCfg = Debug|Any CPU
		{E7C6FABE-42DE-4DB6-8CDA-5527789D0538}.Debug|x64.Build.0 = Debug|Any CPU
		{E7C6FABE-42DE-4DB6-8CDA-5527789D0538}.Debug|x86.ActiveCfg = Debug|Any CPU
		{E7C6FABE-42DE-4DB6-8CDA-5527789D0538}.Debug|x86.Build.0 = Debug|Any CPU
		{E7C6FABE-42DE-4DB6-8CDA-5527789D0538}.Release|Any CPU.ActiveCfg = Release|Any CPU
		{E7C6FABE-42DE-4DB6-8CDA-5527789D0538}.Release|Any CPU.Build.0 = Release|Any CPU
		{E7C6FABE-42DE-4DB6-8CDA-5527789D0538}.Release|x64.ActiveCfg = Release|Any CPU
		{E7C6FABE-42DE-4DB6-8CDA-5527789D0538}.Release|x64.Build.0 = Release|Any CPU
		{E7C6FABE-42DE-4DB6-8CDA-5527789D0538}.Release|x86.ActiveCfg = Release|Any CPU
		{E7C6FABE-42DE-4DB6-8CDA-5527789D0538}.Release|x86.Build.0 = Release|Any CPU
		{617A9F53-CA5C-4683-9D8C-D5F3686D5998}.Debug|Any CPU.ActiveCfg = Debug|Any CPU
		{617A9F53-CA5C-4683-9D8C-D5F3686D5998}.Debug|Any CPU.Build.0 = Debug|Any CPU
		{617A9F53-CA5C-4683-9D8C-D5F3686D5998}.Debug|x64.ActiveCfg = Debug|Any CPU
		{617A9F53-CA5C-4683-9D8C-D5F3686D5998}.Debug|x64.Build.0 = Debug|Any CPU
		{617A9F53-CA5C-4683-9D8C-D5F3686D5998}.Debug|x86.ActiveCfg = Debug|Any CPU
		{617A9F53-CA5C-4683-9D8C-D5F3686D5998}.Debug|x86.Build.0 = Debug|Any CPU
		{617A9F53-CA5C-4683-9D8C-D5F3686D5998}.Release|Any CPU.ActiveCfg = Release|Any CPU
		{617A9F53-CA5C-4683-9D8C-D5F3686D5998}.Release|Any CPU.Build.0 = Release|Any CPU
		{617A9F53-CA5C-4683-9D8C-D5F3686D5998}.Release|x64.ActiveCfg = Release|Any CPU
		{617A9F53-CA5C-4683-9D8C-D5F3686D5998}.Release|x64.Build.0 = Release|Any CPU
		{617A9F53-CA5C-4683-9D8C-D5F3686D5998}.Release|x86.ActiveCfg = Release|Any CPU
		{617A9F53-CA5C-4683-9D8C-D5F3686D5998}.Release|x86.Build.0 = Release|Any CPU
		{86D28130-8E29-4761-A630-D64814A785BF}.Debug|Any CPU.ActiveCfg = Debug|Any CPU
		{86D28130-8E29-4761-A630-D64814A785BF}.Debug|Any CPU.Build.0 = Debug|Any CPU
		{86D28130-8E29-4761-A630-D64814A785BF}.Debug|x64.ActiveCfg = Debug|Any CPU
		{86D28130-8E29-4761-A630-D64814A785BF}.Debug|x64.Build.0 = Debug|Any CPU
		{86D28130-8E29-4761-A630-D64814A785BF}.Debug|x86.ActiveCfg = Debug|Any CPU
		{86D28130-8E29-4761-A630-D64814A785BF}.Debug|x86.Build.0 = Debug|Any CPU
		{86D28130-8E29-4761-A630-D64814A785BF}.Release|Any CPU.ActiveCfg = Release|Any CPU
		{86D28130-8E29-4761-A630-D64814A785BF}.Release|Any CPU.Build.0 = Release|Any CPU
		{86D28130-8E29-4761-A630-D64814A785BF}.Release|x64.ActiveCfg = Release|Any CPU
		{86D28130-8E29-4761-A630-D64814A785BF}.Release|x64.Build.0 = Release|Any CPU
		{86D28130-8E29-4761-A630-D64814A785BF}.Release|x86.ActiveCfg = Release|Any CPU
		{86D28130-8E29-4761-A630-D64814A785BF}.Release|x86.Build.0 = Release|Any CPU
		{54880602-9E2B-4D1C-8A3C-FEA06567EFF1}.Debug|Any CPU.ActiveCfg = Debug|Any CPU
		{54880602-9E2B-4D1C-8A3C-FEA06567EFF1}.Debug|Any CPU.Build.0 = Debug|Any CPU
		{54880602-9E2B-4D1C-8A3C-FEA06567EFF1}.Debug|x64.ActiveCfg = Debug|Any CPU
		{54880602-9E2B-4D1C-8A3C-FEA06567EFF1}.Debug|x64.Build.0 = Debug|Any CPU
		{54880602-9E2B-4D1C-8A3C-FEA06567EFF1}.Debug|x86.ActiveCfg = Debug|Any CPU
		{54880602-9E2B-4D1C-8A3C-FEA06567EFF1}.Debug|x86.Build.0 = Debug|Any CPU
		{54880602-9E2B-4D1C-8A3C-FEA06567EFF1}.Release|Any CPU.ActiveCfg = Release|Any CPU
		{54880602-9E2B-4D1C-8A3C-FEA06567EFF1}.Release|Any CPU.Build.0 = Release|Any CPU
		{54880602-9E2B-4D1C-8A3C-FEA06567EFF1}.Release|x64.ActiveCfg = Release|Any CPU
		{54880602-9E2B-4D1C-8A3C-FEA06567EFF1}.Release|x64.Build.0 = Release|Any CPU
		{54880602-9E2B-4D1C-8A3C-FEA06567EFF1}.Release|x86.ActiveCfg = Release|Any CPU
		{54880602-9E2B-4D1C-8A3C-FEA06567EFF1}.Release|x86.Build.0 = Release|Any CPU
		{9F281E2D-A664-435C-85B9-070D4C68D390}.Debug|Any CPU.ActiveCfg = Debug|Any CPU
		{9F281E2D-A664-435C-85B9-070D4C68D390}.Debug|Any CPU.Build.0 = Debug|Any CPU
		{9F281E2D-A664-435C-85B9-070D4C68D390}.Debug|x64.ActiveCfg = Debug|Any CPU
		{9F281E2D-A664-435C-85B9-070D4C68D390}.Debug|x64.Build.0 = Debug|Any CPU
		{9F281E2D-A664-435C-85B9-070D4C68D390}.Debug|x86.ActiveCfg = Debug|Any CPU
		{9F281E2D-A664-435C-85B9-070D4C68D390}.Debug|x86.Build.0 = Debug|Any CPU
		{9F281E2D-A664-435C-85B9-070D4C68D390}.Release|Any CPU.ActiveCfg = Release|Any CPU
		{9F281E2D-A664-435C-85B9-070D4C68D390}.Release|Any CPU.Build.0 = Release|Any CPU
		{9F281E2D-A664-435C-85B9-070D4C68D390}.Release|x64.ActiveCfg = Release|Any CPU
		{9F281E2D-A664-435C-85B9-070D4C68D390}.Release|x64.Build.0 = Release|Any CPU
		{9F281E2D-A664-435C-85B9-070D4C68D390}.Release|x86.ActiveCfg = Release|Any CPU
		{9F281E2D-A664-435C-85B9-070D4C68D390}.Release|x86.Build.0 = Release|Any CPU
		{7EBC1671-F44B-4C06-8DE8-67128B7EEF34}.Debug|Any CPU.ActiveCfg = Debug|Any CPU
		{7EBC1671-F44B-4C06-8DE8-67128B7EEF34}.Debug|Any CPU.Build.0 = Debug|Any CPU
		{7EBC1671-F44B-4C06-8DE8-67128B7EEF34}.Debug|x64.ActiveCfg = Debug|Any CPU
		{7EBC1671-F44B-4C06-8DE8-67128B7EEF34}.Debug|x64.Build.0 = Debug|Any CPU
		{7EBC1671-F44B-4C06-8DE8-67128B7EEF34}.Debug|x86.ActiveCfg = Debug|Any CPU
		{7EBC1671-F44B-4C06-8DE8-67128B7EEF34}.Debug|x86.Build.0 = Debug|Any CPU
		{7EBC1671-F44B-4C06-8DE8-67128B7EEF34}.Release|Any CPU.ActiveCfg = Release|Any CPU
		{7EBC1671-F44B-4C06-8DE8-67128B7EEF34}.Release|Any CPU.Build.0 = Release|Any CPU
		{7EBC1671-F44B-4C06-8DE8-67128B7EEF34}.Release|x64.ActiveCfg = Release|Any CPU
		{7EBC1671-F44B-4C06-8DE8-67128B7EEF34}.Release|x64.Build.0 = Release|Any CPU
		{7EBC1671-F44B-4C06-8DE8-67128B7EEF34}.Release|x86.ActiveCfg = Release|Any CPU
		{7EBC1671-F44B-4C06-8DE8-67128B7EEF34}.Release|x86.Build.0 = Release|Any CPU
	EndGlobalSection
	GlobalSection(SolutionProperties) = preSolution
		HideSolutionNode = FALSE
	EndGlobalSection
	GlobalSection(ExtensibilityGlobals) = postSolution
		SolutionGuid = {AC70A03F-5490-41C5-BED4-3B0A4ED37772}
	EndGlobalSection
EndGlobal
