
Microsoft Visual Studio Solution File, Format Version 12.00
# Visual Studio Version 17
VisualStudioVersion = 17.13.35931.197
MinimumVisualStudioVersion = 10.0.40219.1
Project("{FAE04EC0-301F-11D3-BF4B-00C04F79EFBC}") = "Sdk", "Sdk\Sdk.csproj", "{49EC93AA-B8C7-4C2F-8E38-D9A7F01383CA}"
EndProject
Project("{FAE04EC0-301F-11D3-BF4B-00C04F79EFBC}") = "Sdk.App", "Sdk.App\Sdk.App.csproj", "{3B4E2D4C-AA13-05AA-D644-3D9DBAEFE4E1}"
EndProject
Project("{FAE04EC0-301F-11D3-BF4B-00C04F79EFBC}") = "Sdk.Test", "Sdk.Test\Sdk.Test.csproj", "{8B137AD2-A23B-89B9-A820-6FA71D199BA7}"
EndProject
Project("{FAE04EC0-301F-11D3-BF4B-00C04F79EFBC}") = "Sdk.Lib", "Sdk.Lib\Sdk.Lib.csproj", "{272257D2-5C81-665C-DAD1-224A2691BA26}"
EndProject
Global
	GlobalSection(SolutionConfigurationPlatforms) = preSolution
		Debug|Any CPU = Debug|Any CPU
		Release|Any CPU = Release|Any CPU
	EndGlobalSection
	GlobalSection(ProjectConfigurationPlatforms) = postSolution
		{49EC93AA-B8C7-4C2F-8E38-D9A7F01383CA}.Debug|Any CPU.ActiveCfg = Debug|Any CPU
		{49EC93AA-B8C7-4C2F-8E38-D9A7F01383CA}.Debug|Any CPU.Build.0 = Debug|Any CPU
		{49EC93AA-B8C7-4C2F-8E38-D9A7F01383CA}.Release|Any CPU.ActiveCfg = Release|Any CPU
		{49EC93AA-B8C7-4C2F-8E38-D9A7F01383CA}.Release|Any CPU.Build.0 = Release|Any CPU
		{3B4E2D4C-AA13-05AA-D644-3D9DBAEFE4E1}.Debug|Any CPU.ActiveCfg = Debug|Any CPU
		{3B4E2D4C-AA13-05AA-D644-3D9DBAEFE4E1}.Debug|Any CPU.Build.0 = Debug|Any CPU
		{3B4E2D4C-AA13-05AA-D644-3D9DBAEFE4E1}.Release|Any CPU.ActiveCfg = Release|Any CPU
		{3B4E2D4C-AA13-05AA-D644-3D9DBAEFE4E1}.Release|Any CPU.Build.0 = Release|Any CPU
		{8B137AD2-A23B-89B9-A820-6FA71D199BA7}.Debug|Any CPU.ActiveCfg = Debug|Any CPU
		{8B137AD2-A23B-89B9-A820-6FA71D199BA7}.Debug|Any CPU.Build.0 = Debug|Any CPU
		{8B137AD2-A23B-89B9-A820-6FA71D199BA7}.Release|Any CPU.ActiveCfg = Release|Any CPU
		{8B137AD2-A23B-89B9-A820-6FA71D199BA7}.Release|Any CPU.Build.0 = Release|Any CPU
		{272257D2-5C81-665C-DAD1-224A2691BA26}.Debug|Any CPU.ActiveCfg = Debug|Any CPU
		{272257D2-5C81-665C-DAD1-224A2691BA26}.Debug|Any CPU.Build.0 = Debug|Any CPU
		{272257D2-5C81-665C-DAD1-224A2691BA26}.Release|Any CPU.ActiveCfg = Release|Any CPU
		{272257D2-5C81-665C-DAD1-224A2691BA26}.Release|Any CPU.Build.0 = Release|Any CPU
	EndGlobalSection
	GlobalSection(SolutionProperties) = preSolution
		HideSolutionNode = FALSE
	EndGlobalSection
	GlobalSection(ExtensibilityGlobals) = postSolution
		SolutionGuid = {AC70A03F-5490-41C5-BED4-3B0A4ED37772}
	EndGlobalSection
EndGlobal
